
Microsoft Visual Studio Solution File, Format Version 12.00
# Visual Studio Version 17
VisualStudioVersion = 17.7.34202.233
MinimumVisualStudioVersion = 10.0.40219.1
Project("{9A19103F-16F7-4668-BE54-9A1E7A4F7556}") = "AssoSw.Lesson2.TypesAndObjects", "AssoSw.Lesson2\AssoSw.Lesson2.TypesAndObjects.csproj", "{A65B23A8-E009-4FBA-A099-6FD98E40C5F0}"
EndProject
Project("{FAE04EC0-301F-11D3-BF4B-00C04F79EFBC}") = "AssoSw.Lession2.FlowControls", "AssoSw.Lession2.FlowControls\AssoSw.Lession2.FlowControls.csproj", "{9F59BEAB-247A-4172-9632-FC5ADE8E27A2}"
EndProject
Project("{FAE04EC0-301F-11D3-BF4B-00C04F79EFBC}") = "AssoSw.Lesson2.Collections", "AssoSw.Lesson2.Collections\AssoSw.Lesson2.Collections.csproj", "{5D4327E1-DD12-497B-9892-98DABB4672CA}"
EndProject
Project("{FAE04EC0-301F-11D3-BF4B-00C04F79EFBC}") = "AssoSw.Lesson2.ExceptionHandling", "AssoSw.Lesson2.ExceptionHandling\AssoSw.Lesson2.ExceptionHandling.csproj", "{6B090019-35F7-44C4-8BAB-546C62AA608D}"
EndProject
Global
	GlobalSection(SolutionConfigurationPlatforms) = preSolution
		Debug|Any CPU = Debug|Any CPU
		Release|Any CPU = Release|Any CPU
	EndGlobalSection
	GlobalSection(ProjectConfigurationPlatforms) = postSolution
		{A65B23A8-E009-4FBA-A099-6FD98E40C5F0}.Debug|Any CPU.ActiveCfg = Debug|Any CPU
		{A65B23A8-E009-4FBA-A099-6FD98E40C5F0}.Debug|Any CPU.Build.0 = Debug|Any CPU
		{A65B23A8-E009-4FBA-A099-6FD98E40C5F0}.Release|Any CPU.ActiveCfg = Release|Any CPU
		{A65B23A8-E009-4FBA-A099-6FD98E40C5F0}.Release|Any CPU.Build.0 = Release|Any CPU
		{9F59BEAB-247A-4172-9632-FC5ADE8E27A2}.Debug|Any CPU.ActiveCfg = Debug|Any CPU
		{9F59BEAB-247A-4172-9632-FC5ADE8E27A2}.Debug|Any CPU.Build.0 = Debug|Any CPU
		{9F59BEAB-247A-4172-9632-FC5ADE8E27A2}.Release|Any CPU.ActiveCfg = Release|Any CPU
		{9F59BEAB-247A-4172-9632-FC5ADE8E27A2}.Release|Any CPU.Build.0 = Release|Any CPU
		{5D4327E1-DD12-497B-9892-98DABB4672CA}.Debug|Any CPU.ActiveCfg = Debug|Any CPU
		{5D4327E1-DD12-497B-9892-98DABB4672CA}.Debug|Any CPU.Build.0 = Debug|Any CPU
		{5D4327E1-DD12-497B-9892-98DABB4672CA}.Release|Any CPU.ActiveCfg = Release|Any CPU
		{5D4327E1-DD12-497B-9892-98DABB4672CA}.Release|Any CPU.Build.0 = Release|Any CPU
		{6B090019-35F7-44C4-8BAB-546C62AA608D}.Debug|Any CPU.ActiveCfg = Debug|Any CPU
		{6B090019-35F7-44C4-8BAB-546C62AA608D}.Debug|Any CPU.Build.0 = Debug|Any CPU
		{6B090019-35F7-44C4-8BAB-546C62AA608D}.Release|Any CPU.ActiveCfg = Release|Any CPU
		{6B090019-35F7-44C4-8BAB-546C62AA608D}.Release|Any CPU.Build.0 = Release|Any CPU
	EndGlobalSection
	GlobalSection(SolutionProperties) = preSolution
		HideSolutionNode = FALSE
	EndGlobalSection
	GlobalSection(ExtensibilityGlobals) = postSolution
		SolutionGuid = {88A35888-171B-4167-8CBF-8F974B8F7D82}
	EndGlobalSection
EndGlobal
